
Microsoft Visual Studio Solution File, Format Version 12.00
# Visual Studio Version 17
VisualStudioVersion = 17.10.35027.167
MinimumVisualStudioVersion = 10.0.40219.1
Project("{FAE04EC0-301F-11D3-BF4B-00C04F79EFBC}") = "GourmetGame.WindowsForms", "src\GourmetGame.WindowsForms\GourmetGame.WindowsForms.csproj", "{C496B51D-7D2F-4CF7-A3D3-5E75A0D2949F}"
EndProject
Project("{2150E333-8FDC-42A3-9474-1A3956D46DE8}") = "1 - UI", "1 - UI", "{0D13F4EC-8804-4E0B-A61D-6D039DE3007D}"
EndProject
Global
	GlobalSection(SolutionConfigurationPlatforms) = preSolution
		Debug|Any CPU = Debug|Any CPU
		Release|Any CPU = Release|Any CPU
	EndGlobalSection
	GlobalSection(ProjectConfigurationPlatforms) = postSolution
		{C496B51D-7D2F-4CF7-A3D3-5E75A0D2949F}.Debug|Any CPU.ActiveCfg = Debug|Any CPU
		{C496B51D-7D2F-4CF7-A3D3-5E75A0D2949F}.Debug|Any CPU.Build.0 = Debug|Any CPU
		{C496B51D-7D2F-4CF7-A3D3-5E75A0D2949F}.Release|Any CPU.ActiveCfg = Release|Any CPU
		{C496B51D-7D2F-4CF7-A3D3-5E75A0D2949F}.Release|Any CPU.Build.0 = Release|Any CPU
	EndGlobalSection
	GlobalSection(SolutionProperties) = preSolution
		HideSolutionNode = FALSE
	EndGlobalSection
	GlobalSection(NestedProjects) = preSolution
		{C496B51D-7D2F-4CF7-A3D3-5E75A0D2949F} = {0D13F4EC-8804-4E0B-A61D-6D039DE3007D}
	EndGlobalSection
	GlobalSection(ExtensibilityGlobals) = postSolution
		SolutionGuid = {DDEB15B0-EDA0-4B94-9B42-34A6E3B47126}
	EndGlobalSection
EndGlobal
